
Microsoft Visual Studio Solution File, Format Version 12.00
# Visual Studio Version 17
VisualStudioVersion = 17.3.32901.215
MinimumVisualStudioVersion = 10.0.40219.1
Project("{9A19103F-16F7-4668-BE54-9A1E7A4F7556}") = "Exercise1", "Exercise1\Exercise1.csproj", "{4E33C694-F4D2-4567-B571-761CA1F0CA0B}"
EndProject
Project("{9A19103F-16F7-4668-BE54-9A1E7A4F7556}") = "Exercise2", "Exercise2\Exercise2.csproj", "{A23FE5ED-C963-4B0E-8F70-E53F769F2F81}"
EndProject
Project("{9A19103F-16F7-4668-BE54-9A1E7A4F7556}") = "Exercise3", "Exercise3\Exercise3.csproj", "{92AAE229-7F4E-4D4E-AB85-989D59F1155F}"
EndProject
Project("{9A19103F-16F7-4668-BE54-9A1E7A4F7556}") = "Exercise4", "Exercise4\Exercise4.csproj", "{195F1A53-EB18-4E4B-8A98-2CAD83DCACA6}"
EndProject
Project("{9A19103F-16F7-4668-BE54-9A1E7A4F7556}") = "Exercise5", "Exercise5\Exercise5.csproj", "{1AF95846-33A9-43D4-A73E-0AC1EA87D229}"
EndProject
Project("{9A19103F-16F7-4668-BE54-9A1E7A4F7556}") = "Exercise6", "Exercise6\Exercise6.csproj", "{A3E60923-ED0D-4E97-83AB-EAF1E1DF85D3}"
EndProject
Project("{9A19103F-16F7-4668-BE54-9A1E7A4F7556}") = "Exercise7", "Exercise7\Exercise7.csproj", "{93AF29D5-4E61-4A72-A45F-DFA3830E85A0}"
EndProject
Project("{FAE04EC0-301F-11D3-BF4B-00C04F79EFBC}") = "Exercise8", "Exercise8\Exercise8.csproj", "{EF52CDB1-8E76-4572-84F3-69A9B060F73F}"
EndProject
Project("{FAE04EC0-301F-11D3-BF4B-00C04F79EFBC}") = "Exercise9", "Exercise9\Exercise9.csproj", "{061D1C87-596F-49D6-A86A-36FC200A8B15}"
EndProject
Project("{FAE04EC0-301F-11D3-BF4B-00C04F79EFBC}") = "Exercise10", "Exercise10\Exercise10.csproj", "{37CAAF74-60F2-47D2-AAF2-B78FF919F202}"
EndProject
Global
	GlobalSection(SolutionConfigurationPlatforms) = preSolution
		Debug|Any CPU = Debug|Any CPU
		Release|Any CPU = Release|Any CPU
	EndGlobalSection
	GlobalSection(ProjectConfigurationPlatforms) = postSolution
		{4E33C694-F4D2-4567-B571-761CA1F0CA0B}.Debug|Any CPU.ActiveCfg = Debug|Any CPU
		{4E33C694-F4D2-4567-B571-761CA1F0CA0B}.Debug|Any CPU.Build.0 = Debug|Any CPU
		{4E33C694-F4D2-4567-B571-761CA1F0CA0B}.Release|Any CPU.ActiveCfg = Release|Any CPU
		{4E33C694-F4D2-4567-B571-761CA1F0CA0B}.Release|Any CPU.Build.0 = Release|Any CPU
		{A23FE5ED-C963-4B0E-8F70-E53F769F2F81}.Debug|Any CPU.ActiveCfg = Debug|Any CPU
		{A23FE5ED-C963-4B0E-8F70-E53F769F2F81}.Debug|Any CPU.Build.0 = Debug|Any CPU
		{A23FE5ED-C963-4B0E-8F70-E53F769F2F81}.Release|Any CPU.ActiveCfg = Release|Any CPU
		{A23FE5ED-C963-4B0E-8F70-E53F769F2F81}.Release|Any CPU.Build.0 = Release|Any CPU
		{92AAE229-7F4E-4D4E-AB85-989D59F1155F}.Debug|Any CPU.ActiveCfg = Debug|Any CPU
		{92AAE229-7F4E-4D4E-AB85-989D59F1155F}.Debug|Any CPU.Build.0 = Debug|Any CPU
		{92AAE229-7F4E-4D4E-AB85-989D59F1155F}.Release|Any CPU.ActiveCfg = Release|Any CPU
		{92AAE229-7F4E-4D4E-AB85-989D59F1155F}.Release|Any CPU.Build.0 = Release|Any CPU
		{195F1A53-EB18-4E4B-8A98-2CAD83DCACA6}.Debug|Any CPU.ActiveCfg = Debug|Any CPU
		{195F1A53-EB18-4E4B-8A98-2CAD83DCACA6}.Debug|Any CPU.Build.0 = Debug|Any CPU
		{195F1A53-EB18-4E4B-8A98-2CAD83DCACA6}.Release|Any CPU.ActiveCfg = Release|Any CPU
		{195F1A53-EB18-4E4B-8A98-2CAD83DCACA6}.Release|Any CPU.Build.0 = Release|Any CPU
		{1AF95846-33A9-43D4-A73E-0AC1EA87D229}.Debug|Any CPU.ActiveCfg = Debug|Any CPU
		{1AF95846-33A9-43D4-A73E-0AC1EA87D229}.Debug|Any CPU.Build.0 = Debug|Any CPU
		{1AF95846-33A9-43D4-A73E-0AC1EA87D229}.Release|Any CPU.ActiveCfg = Release|Any CPU
		{1AF95846-33A9-43D4-A73E-0AC1EA87D229}.Release|Any CPU.Build.0 = Release|Any CPU
		{A3E60923-ED0D-4E97-83AB-EAF1E1DF85D3}.Debug|Any CPU.ActiveCfg = Debug|Any CPU
		{A3E60923-ED0D-4E97-83AB-EAF1E1DF85D3}.Debug|Any CPU.Build.0 = Debug|Any CPU
		{A3E60923-ED0D-4E97-83AB-EAF1E1DF85D3}.Release|Any CPU.ActiveCfg = Release|Any CPU
		{A3E60923-ED0D-4E97-83AB-EAF1E1DF85D3}.Release|Any CPU.Build.0 = Release|Any CPU
		{93AF29D5-4E61-4A72-A45F-DFA3830E85A0}.Debug|Any CPU.ActiveCfg = Debug|Any CPU
		{93AF29D5-4E61-4A72-A45F-DFA3830E85A0}.Debug|Any CPU.Build.0 = Debug|Any CPU
		{93AF29D5-4E61-4A72-A45F-DFA3830E85A0}.Release|Any CPU.ActiveCfg = Release|Any CPU
		{93AF29D5-4E61-4A72-A45F-DFA3830E85A0}.Release|Any CPU.Build.0 = Release|Any CPU
		{EF52CDB1-8E76-4572-84F3-69A9B060F73F}.Debug|Any CPU.ActiveCfg = Debug|Any CPU
		{EF52CDB1-8E76-4572-84F3-69A9B060F73F}.Debug|Any CPU.Build.0 = Debug|Any CPU
		{EF52CDB1-8E76-4572-84F3-69A9B060F73F}.Release|Any CPU.ActiveCfg = Release|Any CPU
		{EF52CDB1-8E76-4572-84F3-69A9B060F73F}.Release|Any CPU.Build.0 = Release|Any CPU
		{061D1C87-596F-49D6-A86A-36FC200A8B15}.Debug|Any CPU.ActiveCfg = Debug|Any CPU
		{061D1C87-596F-49D6-A86A-36FC200A8B15}.Debug|Any CPU.Build.0 = Debug|Any CPU
		{061D1C87-596F-49D6-A86A-36FC200A8B15}.Release|Any CPU.ActiveCfg = Release|Any CPU
		{061D1C87-596F-49D6-A86A-36FC200A8B15}.Release|Any CPU.Build.0 = Release|Any CPU
		{37CAAF74-60F2-47D2-AAF2-B78FF919F202}.Debug|Any CPU.ActiveCfg = Debug|Any CPU
		{37CAAF74-60F2-47D2-AAF2-B78FF919F202}.Debug|Any CPU.Build.0 = Debug|Any CPU
		{37CAAF74-60F2-47D2-AAF2-B78FF919F202}.Release|Any CPU.ActiveCfg = Release|Any CPU
		{37CAAF74-60F2-47D2-AAF2-B78FF919F202}.Release|Any CPU.Build.0 = Release|Any CPU
	EndGlobalSection
	GlobalSection(SolutionProperties) = preSolution
		HideSolutionNode = FALSE
	EndGlobalSection
	GlobalSection(ExtensibilityGlobals) = postSolution
		SolutionGuid = {26CD5936-B2A5-413C-A73C-7A4808D34826}
	EndGlobalSection
EndGlobal
